<?xml version="1.0" encoding="utf-8"?>
<Project ToolsVersion="4.0" xmlns="http://schemas.microsoft.com/developer/msbuild/2003">
  <ItemGroup>
    <Filter Include="Source Files">
      <UniqueIdentifier>{4FC737F1-C7A5-4376-A066-2A32D752A2FF}</UniqueIdentifier>
      <Extensions>cpp;c;cc;cxx;c++;cppm;ixx;def;odl;idl;hpj;bat;asm;asmx</Extensions>
    </Filter>
    <Filter Include="Header Files">
      <UniqueIdentifier>{93995380-89BD-4b04-88EB-625FBE52EBFB}</UniqueIdentifier>
      <Extensions>h;hh;hpp;hxx;h++;hm;inl;inc;ipp;xsd</Extensions>
    </Filter>
    <Filter Include="Resource Files">
      <UniqueIdentifier>{67DA6AB6-F800-4c08-8B7A-83BB121AAD01}</UniqueIdentifier>
      <Extensions>rc;ico;cur;bmp;dlg;rc2;rct;bin;rgs;gif;jpg;jpeg;jpe;resx;tiff;tif;png;wav;mfcribbon-ms</Extensions>
    </Filter>
    <Filter Include="Header Files\OpenGL">
      <UniqueIdentifier>{54149fb7-a627-43ab-8d30-6bb3d84c3e84}</UniqueIdentifier>
    </Filter>
    <Filter Include="Header Files\Main">
      <UniqueIdentifier>{57e189a5-3631-4cee-a30b-5fbb87d4c1b8}</UniqueIdentifier>
    </Filter>
    <Filter Include="Source Files\Main">
      <UniqueIdentifier>{2179381d-21e1-4ecc-b31f-6f4db79755fd}</UniqueIdentifier>
    </Filter>
    <Filter Include="Source Files\OpenGL">
      <UniqueIdentifier>{ce824e0f-cc02-4ddd-a880-a87de86743dd}</UniqueIdentifier>
    </Filter>
    <Filter Include="Header Files\CURL">
      <UniqueIdentifier>{5cf39ac0-c119-4239-b8ef-5a84e1294a26}</UniqueIdentifier>
    </Filter>
    <Filter Include="Source Files\CURL">
      <UniqueIdentifier>{e9ab8d8f-f79b-45ad-86e6-34b26b609bb2}</UniqueIdentifier>
    </Filter>
    <Filter Include="Header Files\JSON">
      <UniqueIdentifier>{e9f77818-1468-453a-8947-d8b427af8cab}</UniqueIdentifier>
    </Filter>
    <Filter Include="Source Files\JSON">
      <UniqueIdentifier>{2cf7c671-b22d-491a-9b40-904c9a33027f}</UniqueIdentifier>
    </Filter>
    <Filter Include="Header Files\STBI">
      <UniqueIdentifier>{2c319e76-b555-4324-96d2-8cd8df290607}</UniqueIdentifier>
    </Filter>
    <Filter Include="Source Files\STBI">
      <UniqueIdentifier>{843a771e-2ac8-4a3f-82ba-4521f88a099a}</UniqueIdentifier>
    </Filter>
    <Filter Include="Source Files\GLAD">
      <UniqueIdentifier>{3833c91c-d35a-4ed1-8fc9-011db245a20d}</UniqueIdentifier>
    </Filter>
  </ItemGroup>
  <ItemGroup>
    <ClCompile Include="Main.cpp">
      <Filter>Source Files\Main</Filter>
    </ClCompile>
    <ClCompile Include="ResourceManager.cpp">
      <Filter>Source Files\OpenGL</Filter>
    </ClCompile>
    <ClCompile Include="Shader.cpp">
      <Filter>Source Files\OpenGL</Filter>
    </ClCompile>
    <ClCompile Include="SpriteRenderer.cpp">
      <Filter>Source Files\OpenGL</Filter>
    </ClCompile>
    <ClCompile Include="Texture.cpp">
      <Filter>Source Files\OpenGL</Filter>
    </ClCompile>
    <ClCompile Include="CURLHandler.cpp">
      <Filter>Source Files\CURL</Filter>
    </ClCompile>
    <ClCompile Include="DisneyInterpreter.cpp">
      <Filter>Source Files\JSON</Filter>
    </ClCompile>
    <ClCompile Include="stb_image.cpp">
      <Filter>Source Files\STBI</Filter>
    </ClCompile>
    <ClCompile Include="3rd Party Downloaded Files\glad\src\glad.c">
      <Filter>Source Files\GLAD</Filter>
    </ClCompile>
    <ClCompile Include="WindowController.cpp">
      <Filter>Source Files\OpenGL</Filter>
    </ClCompile>
  </ItemGroup>
  <ItemGroup>
    <ClInclude Include="ResourceManager.h">
      <Filter>Header Files\OpenGL</Filter>
    </ClInclude>
    <ClInclude Include="Shader.h">
      <Filter>Header Files\OpenGL</Filter>
    </ClInclude>
    <ClInclude Include="SpriteRenderer.h">
      <Filter>Header Files\OpenGL</Filter>
    </ClInclude>
    <ClInclude Include="Texture.h">
      <Filter>Header Files\OpenGL</Filter>
    </ClInclude>
    <ClInclude Include="Main.h">
      <Filter>Header Files\Main</Filter>
    </ClInclude>
    <ClInclude Include="CURLHandler.h">
      <Filter>Header Files\CURL</Filter>
    </ClInclude>
    <ClInclude Include="DisneyInterpreter.h">
      <Filter>Header Files\JSON</Filter>
    </ClInclude>
    <ClInclude Include="stb_image.h">
      <Filter>Header Files\STBI</Filter>
    </ClInclude>
    <ClInclude Include="WindowController.h">
      <Filter>Header Files\OpenGL</Filter>
    </ClInclude>
  </ItemGroup>
</Project>